
Microsoft Visual Studio Solution File, Format Version 12.00
# Visual Studio 15
VisualStudioVersion = 15.0.28307.136
MinimumVisualStudioVersion = 10.0.40219.1
Project("{D2ABAB84-BF74-430A-B69E-9DC6D40DDA17}") = "WWI_SSAS", "WWI_SSAS\WWI_SSAS.dwproj", "{C6DF5CAB-C2D6-4932-A956-1EDEDE93F9C6}"
EndProject
Global
	GlobalSection(SolutionConfigurationPlatforms) = preSolution
		Development|Default = Development|Default
	EndGlobalSection
	GlobalSection(ProjectConfigurationPlatforms) = postSolution
		{C6DF5CAB-C2D6-4932-A956-1EDEDE93F9C6}.Development|Default.ActiveCfg = Development
		{C6DF5CAB-C2D6-4932-A956-1EDEDE93F9C6}.Development|Default.Build.0 = Development
		{C6DF5CAB-C2D6-4932-A956-1EDEDE93F9C6}.Development|Default.Deploy.0 = Development
	EndGlobalSection
	GlobalSection(SolutionProperties) = preSolution
		HideSolutionNode = FALSE
	EndGlobalSection
	GlobalSection(ExtensibilityGlobals) = postSolution
		SolutionGuid = {D3D7F3BC-1AE7-40C8-ADDC-D5FA9EE87E3D}
	EndGlobalSection
EndGlobal
